
Microsoft Visual Studio Solution File, Format Version 12.00
# Visual Studio Version 17
VisualStudioVersion = 17.7.34024.191
MinimumVisualStudioVersion = 10.0.40219.1
Project("{FAE04EC0-301F-11D3-BF4B-00C04F79EFBC}") = "Kelime Ogren", "Kelime Ogren\Kelime Ogren.csproj", "{D7AA754A-EE31-4DB2-A07B-897B8B585675}"
EndProject
Global
	GlobalSection(SolutionConfigurationPlatforms) = preSolution
		Debug|Any CPU = Debug|Any CPU
		Release|Any CPU = Release|Any CPU
	EndGlobalSection
	GlobalSection(ProjectConfigurationPlatforms) = postSolution
		{D7AA754A-EE31-4DB2-A07B-897B8B585675}.Debug|Any CPU.ActiveCfg = Debug|Any CPU
		{D7AA754A-EE31-4DB2-A07B-897B8B585675}.Debug|Any CPU.Build.0 = Debug|Any CPU
		{D7AA754A-EE31-4DB2-A07B-897B8B585675}.Release|Any CPU.ActiveCfg = Release|Any CPU
		{D7AA754A-EE31-4DB2-A07B-897B8B585675}.Release|Any CPU.Build.0 = Release|Any CPU
	EndGlobalSection
	GlobalSection(SolutionProperties) = preSolution
		HideSolutionNode = FALSE
	EndGlobalSection
	GlobalSection(ExtensibilityGlobals) = postSolution
		SolutionGuid = {901C17AB-D98E-4986-B166-D3127DB84332}
	EndGlobalSection
EndGlobal
